// !$*UTF8*$!
{
	archiveVersion = 1;
	classes = {
	};
	objectVersion = 56;
	objects = {

/* Begin PBXBuildFile section */
		F20FBEF52B63963E009F6C25 /* AppEntry.swift in Sources */ = {isa = PBXBuildFile; fileRef = F20FBEF42B63963E009F6C25 /* AppEntry.swift */; };
		F20FBEF72B63963E009F6C25 /* StartView.swift in Sources */ = {isa = PBXBuildFile; fileRef = F20FBEF62B63963E009F6C25 /* StartView.swift */; };
		F20FBEF92B63963F009F6C25 /* Assets.xcassets in Resources */ = {isa = PBXBuildFile; fileRef = F20FBEF82B63963F009F6C25 /* Assets.xcassets */; };
		F20FBEFC2B63963F009F6C25 /* Preview Assets.xcassets in Resources */ = {isa = PBXBuildFile; fileRef = F20FBEFB2B63963F009F6C25 /* Preview Assets.xcassets */; };
		F20FBF032B639766009F6C25 /* Launch Screen.storyboard in Resources */ = {isa = PBXBuildFile; fileRef = F20FBF022B639766009F6C25 /* Launch Screen.storyboard */; };
		F20FBF062B639B8D009F6C25 /* Game Type.swift in Sources */ = {isa = PBXBuildFile; fileRef = F20FBF052B639B8D009F6C25 /* Game Type.swift */; };
		F20FBF092B63A31D009F6C25 /* ViewModifiers.swift in Sources */ = {isa = PBXBuildFile; fileRef = F20FBF082B63A31D009F6C25 /* ViewModifiers.swift */; };
		F20FBF0C2B63A57E009F6C25 /* GameView.swift in Sources */ = {isa = PBXBuildFile; fileRef = F20FBF0B2B63A57E009F6C25 /* GameView.swift */; };
/* End PBXBuildFile section */

/* Begin PBXFileReference section */
		F20FBEF12B63963E009F6C25 /* XandO.app */ = {isa = PBXFileReference; explicitFileType = wrapper.application; includeInIndex = 0; path = XandO.app; sourceTree = BUILT_PRODUCTS_DIR; };
		F20FBEF42B63963E009F6C25 /* AppEntry.swift */ = {isa = PBXFileReference; lastKnownFileType = sourcecode.swift; path = AppEntry.swift; sourceTree = "<group>"; };
		F20FBEF62B63963E009F6C25 /* StartView.swift */ = {isa = PBXFileReference; lastKnownFileType = sourcecode.swift; path = StartView.swift; sourceTree = "<group>"; };
		F20FBEF82B63963F009F6C25 /* Assets.xcassets */ = {isa = PBXFileReference; lastKnownFileType = folder.assetcatalog; path = Assets.xcassets; sourceTree = "<group>"; };
		F20FBEFB2B63963F009F6C25 /* Preview Assets.xcassets */ = {isa = PBXFileReference; lastKnownFileType = folder.assetcatalog; path = "Preview Assets.xcassets"; sourceTree = "<group>"; };
		F20FBF022B639766009F6C25 /* Launch Screen.storyboard */ = {isa = PBXFileReference; lastKnownFileType = file.storyboard; path = "Launch Screen.storyboard"; sourceTree = "<group>"; };
		F20FBF052B639B8D009F6C25 /* Game Type.swift */ = {isa = PBXFileReference; lastKnownFileType = sourcecode.swift; path = "Game Type.swift"; sourceTree = "<group>"; };
		F20FBF082B63A31D009F6C25 /* ViewModifiers.swift */ = {isa = PBXFileReference; lastKnownFileType = sourcecode.swift; path = ViewModifiers.swift; sourceTree = "<group>"; };
		F20FBF0B2B63A57E009F6C25 /* GameView.swift */ = {isa = PBXFileReference; lastKnownFileType = sourcecode.swift; path = GameView.swift; sourceTree = "<group>"; };
/* End PBXFileReference section */

/* Begin PBXFrameworksBuildPhase section */
		F20FBEEE2B63963E009F6C25 /* Frameworks */ = {
			isa = PBXFrameworksBuildPhase;
			buildActionMask = 2147483647;
			files = (
			);
			runOnlyForDeploymentPostprocessing = 0;
		};
/* End PBXFrameworksBuildPhase section */

/* Begin PBXGroup section */
		F20FBEE82B63963E009F6C25 = {
			isa = PBXGroup;
			children = (
				F20FBEF32B63963E009F6C25 /* XandO */,
				F20FBEF22B63963E009F6C25 /* Products */,
			);
			sourceTree = "<group>";
		};
		F20FBEF22B63963E009F6C25 /* Products */ = {
			isa = PBXGroup;
			children = (
				F20FBEF12B63963E009F6C25 /* XandO.app */,
			);
			name = Products;
			sourceTree = "<group>";
		};
		F20FBEF32B63963E009F6C25 /* XandO */ = {
			isa = PBXGroup;
			children = (
				F20FBF0A2B63A556009F6C25 /* Game Screens */,
				F20FBEF42B63963E009F6C25 /* AppEntry.swift */,
				F20FBF072B63A2E4009F6C25 /* Utilites */,
				F20FBF042B639B72009F6C25 /* Game Models */,
				F20FBEF62B63963E009F6C25 /* StartView.swift */,
				F20FBEF82B63963F009F6C25 /* Assets.xcassets */,
				F20FBEFA2B63963F009F6C25 /* Preview Content */,
				F20FBF022B639766009F6C25 /* Launch Screen.storyboard */,
			);
			path = XandO;
			sourceTree = "<group>";
		};
		F20FBEFA2B63963F009F6C25 /* Preview Content */ = {
			isa = PBXGroup;
			children = (
				F20FBEFB2B63963F009F6C25 /* Preview Assets.xcassets */,
			);
			path = "Preview Content";
			sourceTree = "<group>";
		};
		F20FBF042B639B72009F6C25 /* Game Models */ = {
			isa = PBXGroup;
			children = (
				F20FBF052B639B8D009F6C25 /* Game Type.swift */,
			);
			path = "Game Models";
			sourceTree = "<group>";
		};
		F20FBF072B63A2E4009F6C25 /* Utilites */ = {
			isa = PBXGroup;
			children = (
				F20FBF082B63A31D009F6C25 /* ViewModifiers.swift */,
			);
			path = Utilites;
			sourceTree = "<group>";
		};
		F20FBF0A2B63A556009F6C25 /* Game Screens */ = {
			isa = PBXGroup;
			children = (
				F20FBF0B2B63A57E009F6C25 /* GameView.swift */,
			);
			path = "Game Screens";
			sourceTree = "<group>";
		};
/* End PBXGroup section */

/* Begin PBXNativeTarget section */
		F20FBEF02B63963E009F6C25 /* XandO */ = {
			isa = PBXNativeTarget;
			buildConfigurationList = F20FBEFF2B63963F009F6C25 /* Build configuration list for PBXNativeTarget "XandO" */;
			buildPhases = (
				F20FBEED2B63963E009F6C25 /* Sources */,
				F20FBEEE2B63963E009F6C25 /* Frameworks */,
				F20FBEEF2B63963E009F6C25 /* Resources */,
			);
			buildRules = (
			);
			dependencies = (
			);
			name = XandO;
			productName = XandO;
			productReference = F20FBEF12B63963E009F6C25 /* XandO.app */;
			productType = "com.apple.product-type.application";
		};
/* End PBXNativeTarget section */

/* Begin PBXProject section */
		F20FBEE92B63963E009F6C25 /* Project object */ = {
			isa = PBXProject;
			attributes = {
				BuildIndependentTargetsInParallel = 1;
				LastSwiftUpdateCheck = 1500;
				LastUpgradeCheck = 1500;
				TargetAttributes = {
					F20FBEF02B63963E009F6C25 = {
						CreatedOnToolsVersion = 15.0.1;
					};
				};
			};
			buildConfigurationList = F20FBEEC2B63963E009F6C25 /* Build configuration list for PBXProject "XandO" */;
			compatibilityVersion = "Xcode 14.0";
			developmentRegion = en;
			hasScannedForEncodings = 0;
			knownRegions = (
				en,
				Base,
			);
			mainGroup = F20FBEE82B63963E009F6C25;
			productRefGroup = F20FBEF22B63963E009F6C25 /* Products */;
			projectDirPath = "";
			projectRoot = "";
			targets = (
				F20FBEF02B63963E009F6C25 /* XandO */,
			);
		};
/* End PBXProject section */

/* Begin PBXResourcesBuildPhase section */
		F20FBEEF2B63963E009F6C25 /* Resources */ = {
			isa = PBXResourcesBuildPhase;
			buildActionMask = 2147483647;
			files = (
				F20FBF032B639766009F6C25 /* Launch Screen.storyboard in Resources */,
				F20FBEFC2B63963F009F6C25 /* Preview Assets.xcassets in Resources */,
				F20FBEF92B63963F009F6C25 /* Assets.xcassets in Resources */,
			);
			runOnlyForDeploymentPostprocessing = 0;
		};
/* End PBXResourcesBuildPhase section */

/* Begin PBXSourcesBuildPhase section */
		F20FBEED2B63963E009F6C25 /* Sources */ = {
			isa = PBXSourcesBuildPhase;
			buildActionMask = 2147483647;
			files = (
				F20FBEF72B63963E009F6C25 /* StartView.swift in Sources */,
				F20FBF062B639B8D009F6C25 /* Game Type.swift in Sources */,
				F20FBEF52B63963E009F6C25 /* AppEntry.swift in Sources */,
				F20FBF092B63A31D009F6C25 /* ViewModifiers.swift in Sources */,
				F20FBF0C2B63A57E009F6C25 /* GameView.swift in Sources */,
			);
			runOnlyForDeploymentPostprocessing = 0;
		};
/* End PBXSourcesBuildPhase section */

/* Begin XCBuildConfiguration section */
		F20FBEFD2B63963F009F6C25 /* Debug */ = {
			isa = XCBuildConfiguration;
			buildSettings = {
				ALWAYS_SEARCH_USER_PATHS = NO;
				ASSETCATALOG_COMPILER_GENERATE_SWIFT_ASSET_SYMBOL_EXTENSIONS = YES;
				CLANG_ANALYZER_NONNULL = YES;
				CLANG_ANALYZER_NUMBER_OBJECT_CONVERSION = YES_AGGRESSIVE;
				CLANG_CXX_LANGUAGE_STANDARD = "gnu++20";
				CLANG_ENABLE_MODULES = YES;
				CLANG_ENABLE_OBJC_ARC = YES;
				CLANG_ENABLE_OBJC_WEAK = YES;
				CLANG_WARN_BLOCK_CAPTURE_AUTORELEASING = YES;
				CLANG_WARN_BOOL_CONVERSION = YES;
				CLANG_WARN_COMMA = YES;
				CLANG_WARN_CONSTANT_CONVERSION = YES;
				CLANG_WARN_DEPRECATED_OBJC_IMPLEMENTATIONS = YES;
				CLANG_WARN_DIRECT_OBJC_ISA_USAGE = YES_ERROR;
				CLANG_WARN_DOCUMENTATION_COMMENTS = YES;
				CLANG_WARN_EMPTY_BODY = YES;
				CLANG_WARN_ENUM_CONVERSION = YES;
				CLANG_WARN_INFINITE_RECURSION = YES;
				CLANG_WARN_INT_CONVERSION = YES;
				CLANG_WARN_NON_LITERAL_NULL_CONVERSION = YES;
				CLANG_WARN_OBJC_IMPLICIT_RETAIN_SELF = YES;
				CLANG_WARN_OBJC_LITERAL_CONVERSION = YES;
				CLANG_WARN_OBJC_ROOT_CLASS = YES_ERROR;
				CLANG_WARN_QUOTED_INCLUDE_IN_FRAMEWORK_HEADER = YES;
				CLANG_WARN_RANGE_LOOP_ANALYSIS = YES;
				CLANG_WARN_STRICT_PROTOTYPES = YES;
				CLANG_WARN_SUSPICIOUS_MOVE = YES;
				CLANG_WARN_UNGUARDED_AVAILABILITY = YES_AGGRESSIVE;
				CLANG_WARN_UNREACHABLE_CODE = YES;
				CLANG_WARN__DUPLICATE_METHOD_MATCH = YES;
				COPY_PHASE_STRIP = NO;
				DEBUG_INFORMATION_FORMAT = dwarf;
				ENABLE_STRICT_OBJC_MSGSEND = YES;
				ENABLE_TESTABILITY = YES;
				ENABLE_USER_SCRIPT_SANDBOXING = YES;
				GCC_C_LANGUAGE_STANDARD = gnu17;
				GCC_DYNAMIC_NO_PIC = NO;
				GCC_NO_COMMON_BLOCKS = YES;
				GCC_OPTIMIZATION_LEVEL = 0;
				GCC_PREPROCESSOR_DEFINITIONS = (
					"DEBUG=1",
					"$(inherited)",
				);
				GCC_WARN_64_TO_32_BIT_CONVERSION = YES;
				GCC_WARN_ABOUT_RETURN_TYPE = YES_ERROR;
				GCC_WARN_UNDECLARED_SELECTOR = YES;
				GCC_WARN_UNINITIALIZED_AUTOS = YES_AGGRESSIVE;
				GCC_WARN_UNUSED_FUNCTION = YES;
				GCC_WARN_UNUSED_VARIABLE = YES;
				IPHONEOS_DEPLOYMENT_TARGET = 17.0;
				LOCALIZATION_PREFERS_STRING_CATALOGS = YES;
				MTL_ENABLE_DEBUG_INFO = INCLUDE_SOURCE;
				MTL_FAST_MATH = YES;
				ONLY_ACTIVE_ARCH = YES;
				SDKROOT = iphoneos;
				SWIFT_ACTIVE_COMPILATION_CONDITIONS = "DEBUG $(inherited)";
				SWIFT_OPTIMIZATION_LEVEL = "-Onone";
			};
			name = Debug;
		};
		F20FBEFE2B63963F009F6C25 /* Release */ = {
			isa = XCBuildConfiguration;
			buildSettings = {
				ALWAYS_SEARCH_USER_PATHS = NO;
				ASSETCATALOG_COMPILER_GENERATE_SWIFT_ASSET_SYMBOL_EXTENSIONS = YES;
				CLANG_ANALYZER_NONNULL = YES;
				CLANG_ANALYZER_NUMBER_OBJECT_CONVERSION = YES_AGGRESSIVE;
				CLANG_CXX_LANGUAGE_STANDARD = "gnu++20";
				CLANG_ENABLE_MODULES = YES;
				CLANG_ENABLE_OBJC_ARC = YES;
				CLANG_ENABLE_OBJC_WEAK = YES;
				CLANG_WARN_BLOCK_CAPTURE_AUTORELEASING = YES;
				CLANG_WARN_BOOL_CONVERSION = YES;
				CLANG_WARN_COMMA = YES;
				CLANG_WARN_CONSTANT_CONVERSION = YES;
				CLANG_WARN_DEPRECATED_OBJC_IMPLEMENTATIONS = YES;
				CLANG_WARN_DIRECT_OBJC_ISA_USAGE = YES_ERROR;
				CLANG_WARN_DOCUMENTATION_COMMENTS = YES;
				CLANG_WARN_EMPTY_BODY = YES;
				CLANG_WARN_ENUM_CONVERSION = YES;
				CLANG_WARN_INFINITE_RECURSION = YES;
				CLANG_WARN_INT_CONVERSION = YES;
				CLANG_WARN_NON_LITERAL_NULL_CONVERSION = YES;
				CLANG_WARN_OBJC_IMPLICIT_RETAIN_SELF = YES;
				CLANG_WARN_OBJC_LITERAL_CONVERSION = YES;
				CLANG_WARN_OBJC_ROOT_CLASS = YES_ERROR;
				CLANG_WARN_QUOTED_INCLUDE_IN_FRAMEWORK_HEADER = YES;
				CLANG_WARN_RANGE_LOOP_ANALYSIS = YES;
				CLANG_WARN_STRICT_PROTOTYPES = YES;
				CLANG_WARN_SUSPICIOUS_MOVE = YES;
				CLANG_WARN_UNGUARDED_AVAILABILITY = YES_AGGRESSIVE;
				CLANG_WARN_UNREACHABLE_CODE = YES;
				CLANG_WARN__DUPLICATE_METHOD_MATCH = YES;
				COPY_PHASE_STRIP = NO;
				DEBUG_INFORMATION_FORMAT = "dwarf-with-dsym";
				ENABLE_NS_ASSERTIONS = NO;
				ENABLE_STRICT_OBJC_MSGSEND = YES;
				ENABLE_USER_SCRIPT_SANDBOXING = YES;
				GCC_C_LANGUAGE_STANDARD = gnu17;
				GCC_NO_COMMON_BLOCKS = YES;
				GCC_WARN_64_TO_32_BIT_CONVERSION = YES;
				GCC_WARN_ABOUT_RETURN_TYPE = YES_ERROR;
				GCC_WARN_UNDECLARED_SELECTOR = YES;
				GCC_WARN_UNINITIALIZED_AUTOS = YES_AGGRESSIVE;
				GCC_WARN_UNUSED_FUNCTION = YES;
				GCC_WARN_UNUSED_VARIABLE = YES;
				IPHONEOS_DEPLOYMENT_TARGET = 17.0;
				LOCALIZATION_PREFERS_STRING_CATALOGS = YES;
				MTL_ENABLE_DEBUG_INFO = NO;
				MTL_FAST_MATH = YES;
				SDKROOT = iphoneos;
				SWIFT_COMPILATION_MODE = wholemodule;
				VALIDATE_PRODUCT = YES;
			};
			name = Release;
		};
		F20FBF002B63963F009F6C25 /* Debug */ = {
			isa = XCBuildConfiguration;
			buildSettings = {
				ASSETCATALOG_COMPILER_APPICON_NAME = AppIcon;
				ASSETCATALOG_COMPILER_GLOBAL_ACCENT_COLOR_NAME = AccentColor;
				CODE_SIGN_STYLE = Automatic;
				CURRENT_PROJECT_VERSION = 1;
				DEVELOPMENT_ASSET_PATHS = "\"XandO/Preview Content\"";
				DEVELOPMENT_TEAM = DFF6RWX7DD;
				ENABLE_PREVIEWS = YES;
				GENERATE_INFOPLIST_FILE = YES;
				INFOPLIST_KEY_UIApplicationSceneManifest_Generation = YES;
				INFOPLIST_KEY_UIApplicationSupportsIndirectInputEvents = YES;
				INFOPLIST_KEY_UILaunchScreen_Generation = YES;
				INFOPLIST_KEY_UISupportedInterfaceOrientations = UIInterfaceOrientationPortrait;
				INFOPLIST_KEY_UISupportedInterfaceOrientations_iPad = "UIInterfaceOrientationLandscapeLeft UIInterfaceOrientationLandscapeRight UIInterfaceOrientationPortrait UIInterfaceOrientationPortraitUpsideDown";
				IPHONEOS_DEPLOYMENT_TARGET = 15.0;
				LD_RUNPATH_SEARCH_PATHS = (
					"$(inherited)",
					"@executable_path/Frameworks",
				);
				MARKETING_VERSION = 1.0;
				PRODUCT_BUNDLE_IDENTIFIER = "Shady-Adel.XandO";
				PRODUCT_NAME = "$(TARGET_NAME)";
				SWIFT_EMIT_LOC_STRINGS = YES;
				SWIFT_VERSION = 5.0;
				TARGETED_DEVICE_FAMILY = "1,2";
			};
			name = Debug;
		};
		F20FBF012B63963F009F6C25 /* Release */ = {
			isa = XCBuildConfiguration;
			buildSettings = {
				ASSETCATALOG_COMPILER_APPICON_NAME = AppIcon;
				ASSETCATALOG_COMPILER_GLOBAL_ACCENT_COLOR_NAME = AccentColor;
				CODE_SIGN_STYLE = Automatic;
				CURRENT_PROJECT_VERSION = 1;
				DEVELOPMENT_ASSET_PATHS = "\"XandO/Preview Content\"";
				DEVELOPMENT_TEAM = DFF6RWX7DD;
				ENABLE_PREVIEWS = YES;
				GENERATE_INFOPLIST_FILE = YES;
				INFOPLIST_KEY_UIApplicationSceneManifest_Generation = YES;
				INFOPLIST_KEY_UIApplicationSupportsIndirectInputEvents = YES;
				INFOPLIST_KEY_UILaunchScreen_Generation = YES;
				INFOPLIST_KEY_UISupportedInterfaceOrientations = UIInterfaceOrientationPortrait;
				INFOPLIST_KEY_UISupportedInterfaceOrientations_iPad = "UIInterfaceOrientationLandscapeLeft UIInterfaceOrientationLandscapeRight UIInterfaceOrientationPortrait UIInterfaceOrientationPortraitUpsideDown";
				IPHONEOS_DEPLOYMENT_TARGET = 15.0;
				LD_RUNPATH_SEARCH_PATHS = (
					"$(inherited)",
					"@executable_path/Frameworks",
				);
				MARKETING_VERSION = 1.0;
				PRODUCT_BUNDLE_IDENTIFIER = "Shady-Adel.XandO";
				PRODUCT_NAME = "$(TARGET_NAME)";
				SWIFT_EMIT_LOC_STRINGS = YES;
				SWIFT_VERSION = 5.0;
				TARGETED_DEVICE_FAMILY = "1,2";
			};
			name = Release;
		};
/* End XCBuildConfiguration section */

/* Begin XCConfigurationList section */
		F20FBEEC2B63963E009F6C25 /* Build configuration list for PBXProject "XandO" */ = {
			isa = XCConfigurationList;
			buildConfigurations = (
				F20FBEFD2B63963F009F6C25 /* Debug */,
				F20FBEFE2B63963F009F6C25 /* Release */,
			);
			defaultConfigurationIsVisible = 0;
			defaultConfigurationName = Release;
		};
		F20FBEFF2B63963F009F6C25 /* Build configuration list for PBXNativeTarget "XandO" */ = {
			isa = XCConfigurationList;
			buildConfigurations = (
				F20FBF002B63963F009F6C25 /* Debug */,
				F20FBF012B63963F009F6C25 /* Release */,
			);
			defaultConfigurationIsVisible = 0;
			defaultConfigurationName = Release;
		};
/* End XCConfigurationList section */
	};
	rootObject = F20FBEE92B63963E009F6C25 /* Project object */;
}
